# This file is autogenerated, do not edit; changes may be undone by the next 'dep ensure'.


[[projects]]
  branch = "master"
  digest = "1:27fb17680e542ea55346b6088569524bb4f4e4ba0f57a0361121bd746ab00ce7"
  name = "github.com/casonadams/shapes"
  packages = ["."]
  pruneopts = ""
  revision = "0219b36c9d401a4e3f7936dcb5926a17387cd69d"

[solve-meta]
  analyzer-name = "dep"
  analyzer-version = 1
  input-imports = ["github.com/casonadams/shapes"]
  solver-name = "gps-cdcl"
  solver-version = 1
