# This file is autogenerated, do not edit; changes may be undone by the next 'dep ensure'.


[[projects]]
  branch = "master"
  digest = "1:6d897bbb60bea2075c7d0b9494870e7af852cbc44ca68377572096eb0f1a4773"
  name = "github.com/casonadams/shapes"
  packages = ["."]
  pruneopts = ""
  revision = "1cc5a4da34e48c3b3b558fb66fb8b5442b7445bb"

[solve-meta]
  analyzer-name = "dep"
  analyzer-version = 1
  input-imports = ["github.com/casonadams/shapes"]
  solver-name = "gps-cdcl"
  solver-version = 1
